
Microsoft Visual Studio Solution File, Format Version 12.00
# Visual Studio 15
VisualStudioVersion = 15.0.27130.2010
MinimumVisualStudioVersion = 10.0.40219.1
Project("{FAE04EC0-301F-11D3-BF4B-00C04F79EFBC}") = "ChatterTwo", "ChatterTwo\ChatterTwo.csproj", "{8E6DD901-B681-4224-836D-AF70035D35B0}"
EndProject
Global
	GlobalSection(SolutionConfigurationPlatforms) = preSolution
		Debug|Any CPU = Debug|Any CPU
		Release|Any CPU = Release|Any CPU
	EndGlobalSection
	GlobalSection(ProjectConfigurationPlatforms) = postSolution
		{8E6DD901-B681-4224-836D-AF70035D35B0}.Debug|Any CPU.ActiveCfg = Debug|Any CPU
		{8E6DD901-B681-4224-836D-AF70035D35B0}.Debug|Any CPU.Build.0 = Debug|Any CPU
		{8E6DD901-B681-4224-836D-AF70035D35B0}.Release|Any CPU.ActiveCfg = Release|Any CPU
		{8E6DD901-B681-4224-836D-AF70035D35B0}.Release|Any CPU.Build.0 = Release|Any CPU
	EndGlobalSection
	GlobalSection(SolutionProperties) = preSolution
		HideSolutionNode = FALSE
	EndGlobalSection
	GlobalSection(ExtensibilityGlobals) = postSolution
		SolutionGuid = {91A5218D-B73D-434F-BA0E-88888BC7B6CC}
	EndGlobalSection
EndGlobal
